
Microsoft Visual Studio Solution File, Format Version 12.00
# Visual Studio Version 16
VisualStudioVersion = 16.0.30204.135
MinimumVisualStudioVersion = 10.0.40219.1
Project("{FAE04EC0-301F-11D3-BF4B-00C04F79EFBC}") = "SchoolProject", "SchoolProject\SchoolProject.csproj", "{0A9FF822-C6CE-475A-968D-6ECFA55B9677}"
EndProject
Global
	GlobalSection(SolutionConfigurationPlatforms) = preSolution
		Debug|Any CPU = Debug|Any CPU
		Release|Any CPU = Release|Any CPU
	EndGlobalSection
	GlobalSection(ProjectConfigurationPlatforms) = postSolution
		{0A9FF822-C6CE-475A-968D-6ECFA55B9677}.Debug|Any CPU.ActiveCfg = Debug|Any CPU
		{0A9FF822-C6CE-475A-968D-6ECFA55B9677}.Debug|Any CPU.Build.0 = Debug|Any CPU
		{0A9FF822-C6CE-475A-968D-6ECFA55B9677}.Release|Any CPU.ActiveCfg = Release|Any CPU
		{0A9FF822-C6CE-475A-968D-6ECFA55B9677}.Release|Any CPU.Build.0 = Release|Any CPU
	EndGlobalSection
	GlobalSection(SolutionProperties) = preSolution
		HideSolutionNode = FALSE
	EndGlobalSection
	GlobalSection(ExtensibilityGlobals) = postSolution
		SolutionGuid = {AD1B9E6E-8EEF-436D-9DC9-B42B1815493E}
	EndGlobalSection
EndGlobal
